# This file is automatically @generated by Cargo.
# It is not intended for manual editing.
version = 3

[[package]]
name = "aws-signing-helper"
version = "0.1.0"
dependencies = [
 "glibc",
]

[[package]]
name = "ecr-credential-provider"
version = "0.1.0"
dependencies = [
 "glibc",
]

[[package]]
name = "glibc"
version = "0.1.0"

[[package]]
name = "kubernetes-1_24"
version = "0.1.0"
dependencies = [
 "aws-signing-helper",
 "ecr-credential-provider",
 "glibc",
]
